
Microsoft Visual Studio Solution File, Format Version 12.00
# Visual Studio Version 17
VisualStudioVersion = 17.14.36408.4 d17.14
MinimumVisualStudioVersion = 10.0.40219.1
Project("{FAE04EC0-301F-11D3-BF4B-00C04F79EFBC}") = "DevOps6", "DevOps6\DevOps6.csproj", "{8FB118D6-D2D9-46FB-A4EF-6F91EC7384DC}"
EndProject
Global
	GlobalSection(SolutionConfigurationPlatforms) = preSolution
		Debug|Any CPU = Debug|Any CPU
		Release|Any CPU = Release|Any CPU
	EndGlobalSection
	GlobalSection(ProjectConfigurationPlatforms) = postSolution
		{8FB118D6-D2D9-46FB-A4EF-6F91EC7384DC}.Debug|Any CPU.ActiveCfg = Debug|Any CPU
		{8FB118D6-D2D9-46FB-A4EF-6F91EC7384DC}.Debug|Any CPU.Build.0 = Debug|Any CPU
		{8FB118D6-D2D9-46FB-A4EF-6F91EC7384DC}.Release|Any CPU.ActiveCfg = Release|Any CPU
		{8FB118D6-D2D9-46FB-A4EF-6F91EC7384DC}.Release|Any CPU.Build.0 = Release|Any CPU
	EndGlobalSection
	GlobalSection(SolutionProperties) = preSolution
		HideSolutionNode = FALSE
	EndGlobalSection
	GlobalSection(ExtensibilityGlobals) = postSolution
		SolutionGuid = {7D65670E-B079-42E6-900A-326B86F98409}
	EndGlobalSection
EndGlobal
